
Microsoft Visual Studio Solution File, Format Version 12.00
# Visual Studio Version 17
VisualStudioVersion = 17.1.32228.430
MinimumVisualStudioVersion = 10.0.40219.1
Project("{FAE04EC0-301F-11D3-BF4B-00C04F79EFBC}") = "Lab_2_zadanie", "Lab_2_zadanie\Lab_2_zadanie.csproj", "{D5A32ACF-63A1-488B-AC41-4A3CE8C07D5A}"
EndProject
Global
	GlobalSection(SolutionConfigurationPlatforms) = preSolution
		Debug|Any CPU = Debug|Any CPU
		Release|Any CPU = Release|Any CPU
	EndGlobalSection
	GlobalSection(ProjectConfigurationPlatforms) = postSolution
		{D5A32ACF-63A1-488B-AC41-4A3CE8C07D5A}.Debug|Any CPU.ActiveCfg = Debug|Any CPU
		{D5A32ACF-63A1-488B-AC41-4A3CE8C07D5A}.Debug|Any CPU.Build.0 = Debug|Any CPU
		{D5A32ACF-63A1-488B-AC41-4A3CE8C07D5A}.Release|Any CPU.ActiveCfg = Release|Any CPU
		{D5A32ACF-63A1-488B-AC41-4A3CE8C07D5A}.Release|Any CPU.Build.0 = Release|Any CPU
	EndGlobalSection
	GlobalSection(SolutionProperties) = preSolution
		HideSolutionNode = FALSE
	EndGlobalSection
	GlobalSection(ExtensibilityGlobals) = postSolution
		SolutionGuid = {81F61327-7A50-42F0-A082-4F2D31250E48}
	EndGlobalSection
EndGlobal
