
Microsoft Visual Studio Solution File, Format Version 12.00
# Visual Studio Version 16
VisualStudioVersion = 16.0.31624.102
MinimumVisualStudioVersion = 10.0.40219.1
Project("{FAE04EC0-301F-11D3-BF4B-00C04F79EFBC}") = "Lab_3", "Lab_3\Lab_3.csproj", "{570BB7D3-CD76-4A32-84FF-ECD1B24B26CE}"
EndProject
Global
	GlobalSection(SolutionConfigurationPlatforms) = preSolution
		Debug|Any CPU = Debug|Any CPU
		Release|Any CPU = Release|Any CPU
	EndGlobalSection
	GlobalSection(ProjectConfigurationPlatforms) = postSolution
		{570BB7D3-CD76-4A32-84FF-ECD1B24B26CE}.Debug|Any CPU.ActiveCfg = Debug|Any CPU
		{570BB7D3-CD76-4A32-84FF-ECD1B24B26CE}.Debug|Any CPU.Build.0 = Debug|Any CPU
		{570BB7D3-CD76-4A32-84FF-ECD1B24B26CE}.Release|Any CPU.ActiveCfg = Release|Any CPU
		{570BB7D3-CD76-4A32-84FF-ECD1B24B26CE}.Release|Any CPU.Build.0 = Release|Any CPU
	EndGlobalSection
	GlobalSection(SolutionProperties) = preSolution
		HideSolutionNode = FALSE
	EndGlobalSection
	GlobalSection(ExtensibilityGlobals) = postSolution
		SolutionGuid = {E58A2A73-CB7A-4B5D-A208-E2B4FC4946E9}
	EndGlobalSection
EndGlobal
